
Microsoft Visual Studio Solution File, Format Version 12.00
# Visual Studio 14
VisualStudioVersion = 14.0.25420.1
MinimumVisualStudioVersion = 10.0.40219.1
Project("{FAE04EC0-301F-11D3-BF4B-00C04F79EFBC}") = "XRemoteControl.Android", "XRemoteControl\XRemoteControl.Android\XRemoteControl.Android.csproj", "{A87492FC-2274-49C1-B519-78E7E5C3B71F}"
EndProject
Project("{FAE04EC0-301F-11D3-BF4B-00C04F79EFBC}") = "XRemoteControl", "XRemoteControl\XRemoteControl\XRemoteControl.csproj", "{A13ED387-8D63-4215-9525-3A6CBF7EB1EC}"
EndProject
Project("{FAE04EC0-301F-11D3-BF4B-00C04F79EFBC}") = "XRemoteControl.UWP", "XRemoteControl\XRemoteControl.UWP\XRemoteControl.UWP.csproj", "{E3D31BED-0588-424A-A46E-3DD37800D7E6}"
EndProject
Project("{FAE04EC0-301F-11D3-BF4B-00C04F79EFBC}") = "XRemoteControl.iOS", "XRemoteControl\XRemoteControl.iOS\XRemoteControl.iOS.csproj", "{1D094014-18D8-476F-8BFD-B5E17EB87C61}"
EndProject
Global
	GlobalSection(SolutionConfigurationPlatforms) = preSolution
		Ad-Hoc|Any CPU = Ad-Hoc|Any CPU
		Ad-Hoc|ARM = Ad-Hoc|ARM
		Ad-Hoc|iPhone = Ad-Hoc|iPhone
		Ad-Hoc|iPhoneSimulator = Ad-Hoc|iPhoneSimulator
		Ad-Hoc|x64 = Ad-Hoc|x64
		Ad-Hoc|x86 = Ad-Hoc|x86
		AppStore|Any CPU = AppStore|Any CPU
		AppStore|ARM = AppStore|ARM
		AppStore|iPhone = AppStore|iPhone
		AppStore|iPhoneSimulator = AppStore|iPhoneSimulator
		AppStore|x64 = AppStore|x64
		AppStore|x86 = AppStore|x86
		Debug|Any CPU = Debug|Any CPU
		Debug|ARM = Debug|ARM
		Debug|iPhone = Debug|iPhone
		Debug|iPhoneSimulator = Debug|iPhoneSimulator
		Debug|x64 = Debug|x64
		Debug|x86 = Debug|x86
		Release|Any CPU = Release|Any CPU
		Release|ARM = Release|ARM
		Release|iPhone = Release|iPhone
		Release|iPhoneSimulator = Release|iPhoneSimulator
		Release|x64 = Release|x64
		Release|x86 = Release|x86
	EndGlobalSection
	GlobalSection(ProjectConfigurationPlatforms) = postSolution
		{A87492FC-2274-49C1-B519-78E7E5C3B71F}.Ad-Hoc|Any CPU.ActiveCfg = Release|Any CPU
		{A87492FC-2274-49C1-B519-78E7E5C3B71F}.Ad-Hoc|Any CPU.Build.0 = Release|Any CPU
		{A87492FC-2274-49C1-B519-78E7E5C3B71F}.Ad-Hoc|Any CPU.Deploy.0 = Release|Any CPU
		{A87492FC-2274-49C1-B519-78E7E5C3B71F}.Ad-Hoc|ARM.ActiveCfg = Release|Any CPU
		{A87492FC-2274-49C1-B519-78E7E5C3B71F}.Ad-Hoc|ARM.Build.0 = Release|Any CPU
		{A87492FC-2274-49C1-B519-78E7E5C3B71F}.Ad-Hoc|ARM.Deploy.0 = Release|Any CPU
		{A87492FC-2274-49C1-B519-78E7E5C3B71F}.Ad-Hoc|iPhone.ActiveCfg = Release|Any CPU
		{A87492FC-2274-49C1-B519-78E7E5C3B71F}.Ad-Hoc|iPhone.Build.0 = Release|Any CPU
		{A87492FC-2274-49C1-B519-78E7E5C3B71F}.Ad-Hoc|iPhone.Deploy.0 = Release|Any CPU
		{A87492FC-2274-49C1-B519-78E7E5C3B71F}.Ad-Hoc|iPhoneSimulator.ActiveCfg = Release|Any CPU
		{A87492FC-2274-49C1-B519-78E7E5C3B71F}.Ad-Hoc|iPhoneSimulator.Build.0 = Release|Any CPU
		{A87492FC-2274-49C1-B519-78E7E5C3B71F}.Ad-Hoc|iPhoneSimulator.Deploy.0 = Release|Any CPU
		{A87492FC-2274-49C1-B519-78E7E5C3B71F}.Ad-Hoc|x64.ActiveCfg = Release|Any CPU
		{A87492FC-2274-49C1-B519-78E7E5C3B71F}.Ad-Hoc|x64.Build.0 = Release|Any CPU
		{A87492FC-2274-49C1-B519-78E7E5C3B71F}.Ad-Hoc|x64.Deploy.0 = Release|Any CPU
		{A87492FC-2274-49C1-B519-78E7E5C3B71F}.Ad-Hoc|x86.ActiveCfg = Release|Any CPU
		{A87492FC-2274-49C1-B519-78E7E5C3B71F}.Ad-Hoc|x86.Build.0 = Release|Any CPU
		{A87492FC-2274-49C1-B519-78E7E5C3B71F}.Ad-Hoc|x86.Deploy.0 = Release|Any CPU
		{A87492FC-2274-49C1-B519-78E7E5C3B71F}.AppStore|Any CPU.ActiveCfg = Release|Any CPU
		{A87492FC-2274-49C1-B519-78E7E5C3B71F}.AppStore|Any CPU.Build.0 = Release|Any CPU
		{A87492FC-2274-49C1-B519-78E7E5C3B71F}.AppStore|Any CPU.Deploy.0 = Release|Any CPU
		{A87492FC-2274-49C1-B519-78E7E5C3B71F}.AppStore|ARM.ActiveCfg = Release|Any CPU
		{A87492FC-2274-49C1-B519-78E7E5C3B71F}.AppStore|ARM.Build.0 = Release|Any CPU
		{A87492FC-2274-49C1-B519-78E7E5C3B71F}.AppStore|ARM.Deploy.0 = Release|Any CPU
		{A87492FC-2274-49C1-B519-78E7E5C3B71F}.AppStore|iPhone.ActiveCfg = Release|Any CPU
		{A87492FC-2274-49C1-B519-78E7E5C3B71F}.AppStore|iPhone.Build.0 = Release|Any CPU
		{A87492FC-2274-49C1-B519-78E7E5C3B71F}.AppStore|iPhone.Deploy.0 = Release|Any CPU
		{A87492FC-2274-49C1-B519-78E7E5C3B71F}.AppStore|iPhoneSimulator.ActiveCfg = Release|Any CPU
		{A87492FC-2274-49C1-B519-78E7E5C3B71F}.AppStore|iPhoneSimulator.Build.0 = Release|Any CPU
		{A87492FC-2274-49C1-B519-78E7E5C3B71F}.AppStore|iPhoneSimulator.Deploy.0 = Release|Any CPU
		{A87492FC-2274-49C1-B519-78E7E5C3B71F}.AppStore|x64.ActiveCfg = Release|Any CPU
		{A87492FC-2274-49C1-B519-78E7E5C3B71F}.AppStore|x64.Build.0 = Release|Any CPU
		{A87492FC-2274-49C1-B519-78E7E5C3B71F}.AppStore|x64.Deploy.0 = Release|Any CPU
		{A87492FC-2274-49C1-B519-78E7E5C3B71F}.AppStore|x86.ActiveCfg = Release|Any CPU
		{A87492FC-2274-49C1-B519-78E7E5C3B71F}.AppStore|x86.Build.0 = Release|Any CPU
		{A87492FC-2274-49C1-B519-78E7E5C3B71F}.AppStore|x86.Deploy.0 = Release|Any CPU
		{A87492FC-2274-49C1-B519-78E7E5C3B71F}.Debug|Any CPU.ActiveCfg = Debug|Any CPU
		{A87492FC-2274-49C1-B519-78E7E5C3B71F}.Debug|Any CPU.Build.0 = Debug|Any CPU
		{A87492FC-2274-49C1-B519-78E7E5C3B71F}.Debug|Any CPU.Deploy.0 = Debug|Any CPU
		{A87492FC-2274-49C1-B519-78E7E5C3B71F}.Debug|ARM.ActiveCfg = Debug|Any CPU
		{A87492FC-2274-49C1-B519-78E7E5C3B71F}.Debug|ARM.Build.0 = Debug|Any CPU
		{A87492FC-2274-49C1-B519-78E7E5C3B71F}.Debug|ARM.Deploy.0 = Debug|Any CPU
		{A87492FC-2274-49C1-B519-78E7E5C3B71F}.Debug|iPhone.ActiveCfg = Debug|Any CPU
		{A87492FC-2274-49C1-B519-78E7E5C3B71F}.Debug|iPhone.Build.0 = Debug|Any CPU
		{A87492FC-2274-49C1-B519-78E7E5C3B71F}.Debug|iPhone.Deploy.0 = Debug|Any CPU
		{A87492FC-2274-49C1-B519-78E7E5C3B71F}.Debug|iPhoneSimulator.ActiveCfg = Debug|Any CPU
		{A87492FC-2274-49C1-B519-78E7E5C3B71F}.Debug|iPhoneSimulator.Build.0 = Debug|Any CPU
		{A87492FC-2274-49C1-B519-78E7E5C3B71F}.Debug|iPhoneSimulator.Deploy.0 = Debug|Any CPU
		{A87492FC-2274-49C1-B519-78E7E5C3B71F}.Debug|x64.ActiveCfg = Debug|Any CPU
		{A87492FC-2274-49C1-B519-78E7E5C3B71F}.Debug|x64.Build.0 = Debug|Any CPU
		{A87492FC-2274-49C1-B519-78E7E5C3B71F}.Debug|x64.Deploy.0 = Debug|Any CPU
		{A87492FC-2274-49C1-B519-78E7E5C3B71F}.Debug|x86.ActiveCfg = Debug|Any CPU
		{A87492FC-2274-49C1-B519-78E7E5C3B71F}.Debug|x86.Build.0 = Debug|Any CPU
		{A87492FC-2274-49C1-B519-78E7E5C3B71F}.Debug|x86.Deploy.0 = Debug|Any CPU
		{A87492FC-2274-49C1-B519-78E7E5C3B71F}.Release|Any CPU.ActiveCfg = Release|Any CPU
		{A87492FC-2274-49C1-B519-78E7E5C3B71F}.Release|Any CPU.Build.0 = Release|Any CPU
		{A87492FC-2274-49C1-B519-78E7E5C3B71F}.Release|Any CPU.Deploy.0 = Release|Any CPU
		{A87492FC-2274-49C1-B519-78E7E5C3B71F}.Release|ARM.ActiveCfg = Release|Any CPU
		{A87492FC-2274-49C1-B519-78E7E5C3B71F}.Release|ARM.Build.0 = Release|Any CPU
		{A87492FC-2274-49C1-B519-78E7E5C3B71F}.Release|ARM.Deploy.0 = Release|Any CPU
		{A87492FC-2274-49C1-B519-78E7E5C3B71F}.Release|iPhone.ActiveCfg = Release|Any CPU
		{A87492FC-2274-49C1-B519-78E7E5C3B71F}.Release|iPhone.Build.0 = Release|Any CPU
		{A87492FC-2274-49C1-B519-78E7E5C3B71F}.Release|iPhone.Deploy.0 = Release|Any CPU
		{A87492FC-2274-49C1-B519-78E7E5C3B71F}.Release|iPhoneSimulator.ActiveCfg = Release|Any CPU
		{A87492FC-2274-49C1-B519-78E7E5C3B71F}.Release|iPhoneSimulator.Build.0 = Release|Any CPU
		{A87492FC-2274-49C1-B519-78E7E5C3B71F}.Release|iPhoneSimulator.Deploy.0 = Release|Any CPU
		{A87492FC-2274-49C1-B519-78E7E5C3B71F}.Release|x64.ActiveCfg = Release|Any CPU
		{A87492FC-2274-49C1-B519-78E7E5C3B71F}.Release|x64.Build.0 = Release|Any CPU
		{A87492FC-2274-49C1-B519-78E7E5C3B71F}.Release|x64.Deploy.0 = Release|Any CPU
		{A87492FC-2274-49C1-B519-78E7E5C3B71F}.Release|x86.ActiveCfg = Release|Any CPU
		{A87492FC-2274-49C1-B519-78E7E5C3B71F}.Release|x86.Build.0 = Release|Any CPU
		{A87492FC-2274-49C1-B519-78E7E5C3B71F}.Release|x86.Deploy.0 = Release|Any CPU
		{A13ED387-8D63-4215-9525-3A6CBF7EB1EC}.Ad-Hoc|Any CPU.ActiveCfg = Release|Any CPU
		{A13ED387-8D63-4215-9525-3A6CBF7EB1EC}.Ad-Hoc|Any CPU.Build.0 = Release|Any CPU
		{A13ED387-8D63-4215-9525-3A6CBF7EB1EC}.Ad-Hoc|ARM.ActiveCfg = Release|Any CPU
		{A13ED387-8D63-4215-9525-3A6CBF7EB1EC}.Ad-Hoc|ARM.Build.0 = Release|Any CPU
		{A13ED387-8D63-4215-9525-3A6CBF7EB1EC}.Ad-Hoc|iPhone.ActiveCfg = Release|Any CPU
		{A13ED387-8D63-4215-9525-3A6CBF7EB1EC}.Ad-Hoc|iPhone.Build.0 = Release|Any CPU
		{A13ED387-8D63-4215-9525-3A6CBF7EB1EC}.Ad-Hoc|iPhoneSimulator.ActiveCfg = Release|Any CPU
		{A13ED387-8D63-4215-9525-3A6CBF7EB1EC}.Ad-Hoc|iPhoneSimulator.Build.0 = Release|Any CPU
		{A13ED387-8D63-4215-9525-3A6CBF7EB1EC}.Ad-Hoc|x64.ActiveCfg = Release|Any CPU
		{A13ED387-8D63-4215-9525-3A6CBF7EB1EC}.Ad-Hoc|x64.Build.0 = Release|Any CPU
		{A13ED387-8D63-4215-9525-3A6CBF7EB1EC}.Ad-Hoc|x86.ActiveCfg = Release|Any CPU
		{A13ED387-8D63-4215-9525-3A6CBF7EB1EC}.Ad-Hoc|x86.Build.0 = Release|Any CPU
		{A13ED387-8D63-4215-9525-3A6CBF7EB1EC}.AppStore|Any CPU.ActiveCfg = Release|Any CPU
		{A13ED387-8D63-4215-9525-3A6CBF7EB1EC}.AppStore|Any CPU.Build.0 = Release|Any CPU
		{A13ED387-8D63-4215-9525-3A6CBF7EB1EC}.AppStore|ARM.ActiveCfg = Release|Any CPU
		{A13ED387-8D63-4215-9525-3A6CBF7EB1EC}.AppStore|ARM.Build.0 = Release|Any CPU
		{A13ED387-8D63-4215-9525-3A6CBF7EB1EC}.AppStore|iPhone.ActiveCfg = Release|Any CPU
		{A13ED387-8D63-4215-9525-3A6CBF7EB1EC}.AppStore|iPhone.Build.0 = Release|Any CPU
		{A13ED387-8D63-4215-9525-3A6CBF7EB1EC}.AppStore|iPhoneSimulator.ActiveCfg = Release|Any CPU
		{A13ED387-8D63-4215-9525-3A6CBF7EB1EC}.AppStore|iPhoneSimulator.Build.0 = Release|Any CPU
		{A13ED387-8D63-4215-9525-3A6CBF7EB1EC}.AppStore|x64.ActiveCfg = Release|Any CPU
		{A13ED387-8D63-4215-9525-3A6CBF7EB1EC}.AppStore|x64.Build.0 = Release|Any CPU
		{A13ED387-8D63-4215-9525-3A6CBF7EB1EC}.AppStore|x86.ActiveCfg = Release|Any CPU
		{A13ED387-8D63-4215-9525-3A6CBF7EB1EC}.AppStore|x86.Build.0 = Release|Any CPU
		{A13ED387-8D63-4215-9525-3A6CBF7EB1EC}.Debug|Any CPU.ActiveCfg = Debug|Any CPU
		{A13ED387-8D63-4215-9525-3A6CBF7EB1EC}.Debug|Any CPU.Build.0 = Debug|Any CPU
		{A13ED387-8D63-4215-9525-3A6CBF7EB1EC}.Debug|Any CPU.Deploy.0 = Debug|Any CPU
		{A13ED387-8D63-4215-9525-3A6CBF7EB1EC}.Debug|ARM.ActiveCfg = Debug|Any CPU
		{A13ED387-8D63-4215-9525-3A6CBF7EB1EC}.Debug|ARM.Build.0 = Debug|Any CPU
		{A13ED387-8D63-4215-9525-3A6CBF7EB1EC}.Debug|iPhone.ActiveCfg = Debug|Any CPU
		{A13ED387-8D63-4215-9525-3A6CBF7EB1EC}.Debug|iPhone.Build.0 = Debug|Any CPU
		{A13ED387-8D63-4215-9525-3A6CBF7EB1EC}.Debug|iPhoneSimulator.ActiveCfg = Debug|Any CPU
		{A13ED387-8D63-4215-9525-3A6CBF7EB1EC}.Debug|iPhoneSimulator.Build.0 = Debug|Any CPU
		{A13ED387-8D63-4215-9525-3A6CBF7EB1EC}.Debug|x64.ActiveCfg = Debug|Any CPU
		{A13ED387-8D63-4215-9525-3A6CBF7EB1EC}.Debug|x64.Build.0 = Debug|Any CPU
		{A13ED387-8D63-4215-9525-3A6CBF7EB1EC}.Debug|x86.ActiveCfg = Debug|Any CPU
		{A13ED387-8D63-4215-9525-3A6CBF7EB1EC}.Debug|x86.Build.0 = Debug|Any CPU
		{A13ED387-8D63-4215-9525-3A6CBF7EB1EC}.Release|Any CPU.ActiveCfg = Release|Any CPU
		{A13ED387-8D63-4215-9525-3A6CBF7EB1EC}.Release|Any CPU.Build.0 = Release|Any CPU
		{A13ED387-8D63-4215-9525-3A6CBF7EB1EC}.Release|ARM.ActiveCfg = Release|Any CPU
		{A13ED387-8D63-4215-9525-3A6CBF7EB1EC}.Release|ARM.Build.0 = Release|Any CPU
		{A13ED387-8D63-4215-9525-3A6CBF7EB1EC}.Release|iPhone.ActiveCfg = Release|Any CPU
		{A13ED387-8D63-4215-9525-3A6CBF7EB1EC}.Release|iPhone.Build.0 = Release|Any CPU
		{A13ED387-8D63-4215-9525-3A6CBF7EB1EC}.Release|iPhoneSimulator.ActiveCfg = Release|Any CPU
		{A13ED387-8D63-4215-9525-3A6CBF7EB1EC}.Release|iPhoneSimulator.Build.0 = Release|Any CPU
		{A13ED387-8D63-4215-9525-3A6CBF7EB1EC}.Release|x64.ActiveCfg = Release|Any CPU
		{A13ED387-8D63-4215-9525-3A6CBF7EB1EC}.Release|x64.Build.0 = Release|Any CPU
		{A13ED387-8D63-4215-9525-3A6CBF7EB1EC}.Release|x86.ActiveCfg = Release|Any CPU
		{A13ED387-8D63-4215-9525-3A6CBF7EB1EC}.Release|x86.Build.0 = Release|Any CPU
		{E3D31BED-0588-424A-A46E-3DD37800D7E6}.Ad-Hoc|Any CPU.ActiveCfg = Release|x86
		{E3D31BED-0588-424A-A46E-3DD37800D7E6}.Ad-Hoc|Any CPU.Build.0 = Release|x86
		{E3D31BED-0588-424A-A46E-3DD37800D7E6}.Ad-Hoc|Any CPU.Deploy.0 = Release|x86
		{E3D31BED-0588-424A-A46E-3DD37800D7E6}.Ad-Hoc|ARM.ActiveCfg = Release|ARM
		{E3D31BED-0588-424A-A46E-3DD37800D7E6}.Ad-Hoc|ARM.Build.0 = Release|ARM
		{E3D31BED-0588-424A-A46E-3DD37800D7E6}.Ad-Hoc|ARM.Deploy.0 = Release|ARM
		{E3D31BED-0588-424A-A46E-3DD37800D7E6}.Ad-Hoc|iPhone.ActiveCfg = Release|x86
		{E3D31BED-0588-424A-A46E-3DD37800D7E6}.Ad-Hoc|iPhone.Build.0 = Release|x86
		{E3D31BED-0588-424A-A46E-3DD37800D7E6}.Ad-Hoc|iPhone.Deploy.0 = Release|x86
		{E3D31BED-0588-424A-A46E-3DD37800D7E6}.Ad-Hoc|iPhoneSimulator.ActiveCfg = Release|x86
		{E3D31BED-0588-424A-A46E-3DD37800D7E6}.Ad-Hoc|iPhoneSimulator.Build.0 = Release|x86
		{E3D31BED-0588-424A-A46E-3DD37800D7E6}.Ad-Hoc|iPhoneSimulator.Deploy.0 = Release|x86
		{E3D31BED-0588-424A-A46E-3DD37800D7E6}.Ad-Hoc|x64.ActiveCfg = Release|x64
		{E3D31BED-0588-424A-A46E-3DD37800D7E6}.Ad-Hoc|x64.Build.0 = Release|x64
		{E3D31BED-0588-424A-A46E-3DD37800D7E6}.Ad-Hoc|x64.Deploy.0 = Release|x64
		{E3D31BED-0588-424A-A46E-3DD37800D7E6}.Ad-Hoc|x86.ActiveCfg = Release|x86
		{E3D31BED-0588-424A-A46E-3DD37800D7E6}.Ad-Hoc|x86.Build.0 = Release|x86
		{E3D31BED-0588-424A-A46E-3DD37800D7E6}.Ad-Hoc|x86.Deploy.0 = Release|x86
		{E3D31BED-0588-424A-A46E-3DD37800D7E6}.AppStore|Any CPU.ActiveCfg = Release|x86
		{E3D31BED-0588-424A-A46E-3DD37800D7E6}.AppStore|Any CPU.Build.0 = Release|x86
		{E3D31BED-0588-424A-A46E-3DD37800D7E6}.AppStore|Any CPU.Deploy.0 = Release|x86
		{E3D31BED-0588-424A-A46E-3DD37800D7E6}.AppStore|ARM.ActiveCfg = Release|ARM
		{E3D31BED-0588-424A-A46E-3DD37800D7E6}.AppStore|ARM.Build.0 = Release|ARM
		{E3D31BED-0588-424A-A46E-3DD37800D7E6}.AppStore|ARM.Deploy.0 = Release|ARM
		{E3D31BED-0588-424A-A46E-3DD37800D7E6}.AppStore|iPhone.ActiveCfg = Release|x86
		{E3D31BED-0588-424A-A46E-3DD37800D7E6}.AppStore|iPhone.Build.0 = Release|x86
		{E3D31BED-0588-424A-A46E-3DD37800D7E6}.AppStore|iPhone.Deploy.0 = Release|x86
		{E3D31BED-0588-424A-A46E-3DD37800D7E6}.AppStore|iPhoneSimulator.ActiveCfg = Release|x86
		{E3D31BED-0588-424A-A46E-3DD37800D7E6}.AppStore|iPhoneSimulator.Build.0 = Release|x86
		{E3D31BED-0588-424A-A46E-3DD37800D7E6}.AppStore|iPhoneSimulator.Deploy.0 = Release|x86
		{E3D31BED-0588-424A-A46E-3DD37800D7E6}.AppStore|x64.ActiveCfg = Release|x64
		{E3D31BED-0588-424A-A46E-3DD37800D7E6}.AppStore|x64.Build.0 = Release|x64
		{E3D31BED-0588-424A-A46E-3DD37800D7E6}.AppStore|x64.Deploy.0 = Release|x64
		{E3D31BED-0588-424A-A46E-3DD37800D7E6}.AppStore|x86.ActiveCfg = Release|x86
		{E3D31BED-0588-424A-A46E-3DD37800D7E6}.AppStore|x86.Build.0 = Release|x86
		{E3D31BED-0588-424A-A46E-3DD37800D7E6}.AppStore|x86.Deploy.0 = Release|x86
		{E3D31BED-0588-424A-A46E-3DD37800D7E6}.Debug|Any CPU.ActiveCfg = Debug|x86
		{E3D31BED-0588-424A-A46E-3DD37800D7E6}.Debug|Any CPU.Build.0 = Debug|x86
		{E3D31BED-0588-424A-A46E-3DD37800D7E6}.Debug|Any CPU.Deploy.0 = Debug|x86
		{E3D31BED-0588-424A-A46E-3DD37800D7E6}.Debug|ARM.ActiveCfg = Debug|ARM
		{E3D31BED-0588-424A-A46E-3DD37800D7E6}.Debug|ARM.Build.0 = Debug|ARM
		{E3D31BED-0588-424A-A46E-3DD37800D7E6}.Debug|ARM.Deploy.0 = Debug|ARM
		{E3D31BED-0588-424A-A46E-3DD37800D7E6}.Debug|iPhone.ActiveCfg = Debug|x86
		{E3D31BED-0588-424A-A46E-3DD37800D7E6}.Debug|iPhoneSimulator.ActiveCfg = Debug|x86
		{E3D31BED-0588-424A-A46E-3DD37800D7E6}.Debug|x64.ActiveCfg = Debug|x64
		{E3D31BED-0588-424A-A46E-3DD37800D7E6}.Debug|x64.Build.0 = Debug|x64
		{E3D31BED-0588-424A-A46E-3DD37800D7E6}.Debug|x64.Deploy.0 = Debug|x64
		{E3D31BED-0588-424A-A46E-3DD37800D7E6}.Debug|x86.ActiveCfg = Debug|x86
		{E3D31BED-0588-424A-A46E-3DD37800D7E6}.Debug|x86.Build.0 = Debug|x86
		{E3D31BED-0588-424A-A46E-3DD37800D7E6}.Debug|x86.Deploy.0 = Debug|x86
		{E3D31BED-0588-424A-A46E-3DD37800D7E6}.Release|Any CPU.ActiveCfg = Release|x86
		{E3D31BED-0588-424A-A46E-3DD37800D7E6}.Release|ARM.ActiveCfg = Release|ARM
		{E3D31BED-0588-424A-A46E-3DD37800D7E6}.Release|ARM.Build.0 = Release|ARM
		{E3D31BED-0588-424A-A46E-3DD37800D7E6}.Release|ARM.Deploy.0 = Release|ARM
		{E3D31BED-0588-424A-A46E-3DD37800D7E6}.Release|iPhone.ActiveCfg = Release|x86
		{E3D31BED-0588-424A-A46E-3DD37800D7E6}.Release|iPhoneSimulator.ActiveCfg = Release|x86
		{E3D31BED-0588-424A-A46E-3DD37800D7E6}.Release|x64.ActiveCfg = Release|x64
		{E3D31BED-0588-424A-A46E-3DD37800D7E6}.Release|x64.Build.0 = Release|x64
		{E3D31BED-0588-424A-A46E-3DD37800D7E6}.Release|x64.Deploy.0 = Release|x64
		{E3D31BED-0588-424A-A46E-3DD37800D7E6}.Release|x86.ActiveCfg = Release|x86
		{E3D31BED-0588-424A-A46E-3DD37800D7E6}.Release|x86.Build.0 = Release|x86
		{E3D31BED-0588-424A-A46E-3DD37800D7E6}.Release|x86.Deploy.0 = Release|x86
		{1D094014-18D8-476F-8BFD-B5E17EB87C61}.Ad-Hoc|Any CPU.ActiveCfg = Ad-Hoc|iPhone
		{1D094014-18D8-476F-8BFD-B5E17EB87C61}.Ad-Hoc|ARM.ActiveCfg = Ad-Hoc|iPhone
		{1D094014-18D8-476F-8BFD-B5E17EB87C61}.Ad-Hoc|iPhone.ActiveCfg = Ad-Hoc|iPhone
		{1D094014-18D8-476F-8BFD-B5E17EB87C61}.Ad-Hoc|iPhone.Build.0 = Ad-Hoc|iPhone
		{1D094014-18D8-476F-8BFD-B5E17EB87C61}.Ad-Hoc|iPhoneSimulator.ActiveCfg = Ad-Hoc|iPhoneSimulator
		{1D094014-18D8-476F-8BFD-B5E17EB87C61}.Ad-Hoc|iPhoneSimulator.Build.0 = Ad-Hoc|iPhoneSimulator
		{1D094014-18D8-476F-8BFD-B5E17EB87C61}.Ad-Hoc|x64.ActiveCfg = Ad-Hoc|iPhone
		{1D094014-18D8-476F-8BFD-B5E17EB87C61}.Ad-Hoc|x86.ActiveCfg = Ad-Hoc|iPhone
		{1D094014-18D8-476F-8BFD-B5E17EB87C61}.AppStore|Any CPU.ActiveCfg = AppStore|iPhone
		{1D094014-18D8-476F-8BFD-B5E17EB87C61}.AppStore|ARM.ActiveCfg = AppStore|iPhone
		{1D094014-18D8-476F-8BFD-B5E17EB87C61}.AppStore|iPhone.ActiveCfg = AppStore|iPhone
		{1D094014-18D8-476F-8BFD-B5E17EB87C61}.AppStore|iPhone.Build.0 = AppStore|iPhone
		{1D094014-18D8-476F-8BFD-B5E17EB87C61}.AppStore|iPhoneSimulator.ActiveCfg = AppStore|iPhoneSimulator
		{1D094014-18D8-476F-8BFD-B5E17EB87C61}.AppStore|iPhoneSimulator.Build.0 = AppStore|iPhoneSimulator
		{1D094014-18D8-476F-8BFD-B5E17EB87C61}.AppStore|x64.ActiveCfg = AppStore|iPhone
		{1D094014-18D8-476F-8BFD-B5E17EB87C61}.AppStore|x86.ActiveCfg = AppStore|iPhone
		{1D094014-18D8-476F-8BFD-B5E17EB87C61}.Debug|Any CPU.ActiveCfg = Debug|iPhone
		{1D094014-18D8-476F-8BFD-B5E17EB87C61}.Debug|Any CPU.Build.0 = Debug|iPhone
		{1D094014-18D8-476F-8BFD-B5E17EB87C61}.Debug|ARM.ActiveCfg = Debug|iPhone
		{1D094014-18D8-476F-8BFD-B5E17EB87C61}.Debug|iPhone.ActiveCfg = Debug|iPhone
		{1D094014-18D8-476F-8BFD-B5E17EB87C61}.Debug|iPhone.Build.0 = Debug|iPhone
		{1D094014-18D8-476F-8BFD-B5E17EB87C61}.Debug|iPhoneSimulator.ActiveCfg = Debug|iPhoneSimulator
		{1D094014-18D8-476F-8BFD-B5E17EB87C61}.Debug|iPhoneSimulator.Build.0 = Debug|iPhoneSimulator
		{1D094014-18D8-476F-8BFD-B5E17EB87C61}.Debug|x64.ActiveCfg = Debug|iPhone
		{1D094014-18D8-476F-8BFD-B5E17EB87C61}.Debug|x86.ActiveCfg = Debug|iPhone
		{1D094014-18D8-476F-8BFD-B5E17EB87C61}.Release|Any CPU.ActiveCfg = Release|iPhone
		{1D094014-18D8-476F-8BFD-B5E17EB87C61}.Release|ARM.ActiveCfg = Release|iPhone
		{1D094014-18D8-476F-8BFD-B5E17EB87C61}.Release|iPhone.ActiveCfg = Release|iPhone
		{1D094014-18D8-476F-8BFD-B5E17EB87C61}.Release|iPhone.Build.0 = Release|iPhone
		{1D094014-18D8-476F-8BFD-B5E17EB87C61}.Release|iPhoneSimulator.ActiveCfg = Release|iPhoneSimulator
		{1D094014-18D8-476F-8BFD-B5E17EB87C61}.Release|iPhoneSimulator.Build.0 = Release|iPhoneSimulator
		{1D094014-18D8-476F-8BFD-B5E17EB87C61}.Release|x64.ActiveCfg = Release|iPhone
		{1D094014-18D8-476F-8BFD-B5E17EB87C61}.Release|x86.ActiveCfg = Release|iPhone
	EndGlobalSection
	GlobalSection(SolutionProperties) = preSolution
		HideSolutionNode = FALSE
	EndGlobalSection
EndGlobal
